
Microsoft Visual Studio Solution File, Format Version 12.00
# Visual Studio Version 16
VisualStudioVersion = 16.0.810.8
MinimumVisualStudioVersion = 10.0.40219.1
Project("{FAE04EC0-301F-11D3-BF4B-00C04F79EFBC}") = "FoodOrderApp.Android", "FoodOrderApp.Android\FoodOrderApp.Android.csproj", "{19DA6154-5A5A-44C6-99C9-B9339761D5F4}"
EndProject
Project("{FAE04EC0-301F-11D3-BF4B-00C04F79EFBC}") = "FoodOrderApp.iOS", "FoodOrderApp.iOS\FoodOrderApp.iOS.csproj", "{D8911DA0-D46D-4FB7-9180-62E5AEEC5871}"
EndProject
Project("{FAE04EC0-301F-11D3-BF4B-00C04F79EFBC}") = "FoodOrderApp", "FoodOrderApp\FoodOrderApp.csproj", "{07FB73A4-3694-4556-B708-CB8F496712AF}"
EndProject
Global
	GlobalSection(SolutionConfigurationPlatforms) = preSolution
		Debug|Any CPU = Debug|Any CPU
		Release|Any CPU = Release|Any CPU
		Debug|iPhoneSimulator = Debug|iPhoneSimulator
		Release|iPhoneSimulator = Release|iPhoneSimulator
		Debug|iPhone = Debug|iPhone
		Release|iPhone = Release|iPhone
	EndGlobalSection
	GlobalSection(ProjectConfigurationPlatforms) = postSolution
		{19DA6154-5A5A-44C6-99C9-B9339761D5F4}.Debug|Any CPU.ActiveCfg = Debug|Any CPU
		{19DA6154-5A5A-44C6-99C9-B9339761D5F4}.Debug|Any CPU.Build.0 = Debug|Any CPU
		{19DA6154-5A5A-44C6-99C9-B9339761D5F4}.Release|Any CPU.ActiveCfg = Release|Any CPU
		{19DA6154-5A5A-44C6-99C9-B9339761D5F4}.Release|Any CPU.Build.0 = Release|Any CPU
		{19DA6154-5A5A-44C6-99C9-B9339761D5F4}.Debug|iPhoneSimulator.ActiveCfg = Debug|Any CPU
		{19DA6154-5A5A-44C6-99C9-B9339761D5F4}.Debug|iPhoneSimulator.Build.0 = Debug|Any CPU
		{19DA6154-5A5A-44C6-99C9-B9339761D5F4}.Release|iPhoneSimulator.ActiveCfg = Release|Any CPU
		{19DA6154-5A5A-44C6-99C9-B9339761D5F4}.Release|iPhoneSimulator.Build.0 = Release|Any CPU
		{19DA6154-5A5A-44C6-99C9-B9339761D5F4}.Debug|iPhone.ActiveCfg = Debug|Any CPU
		{19DA6154-5A5A-44C6-99C9-B9339761D5F4}.Debug|iPhone.Build.0 = Debug|Any CPU
		{19DA6154-5A5A-44C6-99C9-B9339761D5F4}.Release|iPhone.ActiveCfg = Release|Any CPU
		{19DA6154-5A5A-44C6-99C9-B9339761D5F4}.Release|iPhone.Build.0 = Release|Any CPU
		{D8911DA0-D46D-4FB7-9180-62E5AEEC5871}.Debug|Any CPU.ActiveCfg = Debug|iPhoneSimulator
		{D8911DA0-D46D-4FB7-9180-62E5AEEC5871}.Debug|Any CPU.Build.0 = Debug|iPhoneSimulator
		{D8911DA0-D46D-4FB7-9180-62E5AEEC5871}.Release|Any CPU.ActiveCfg = Release|iPhoneSimulator
		{D8911DA0-D46D-4FB7-9180-62E5AEEC5871}.Release|Any CPU.Build.0 = Release|iPhoneSimulator
		{D8911DA0-D46D-4FB7-9180-62E5AEEC5871}.Debug|iPhoneSimulator.ActiveCfg = Debug|iPhoneSimulator
		{D8911DA0-D46D-4FB7-9180-62E5AEEC5871}.Debug|iPhoneSimulator.Build.0 = Debug|iPhoneSimulator
		{D8911DA0-D46D-4FB7-9180-62E5AEEC5871}.Release|iPhoneSimulator.ActiveCfg = Release|iPhoneSimulator
		{D8911DA0-D46D-4FB7-9180-62E5AEEC5871}.Release|iPhoneSimulator.Build.0 = Release|iPhoneSimulator
		{D8911DA0-D46D-4FB7-9180-62E5AEEC5871}.Debug|iPhone.ActiveCfg = Debug|iPhone
		{D8911DA0-D46D-4FB7-9180-62E5AEEC5871}.Debug|iPhone.Build.0 = Debug|iPhone
		{D8911DA0-D46D-4FB7-9180-62E5AEEC5871}.Release|iPhone.ActiveCfg = Release|iPhone
		{D8911DA0-D46D-4FB7-9180-62E5AEEC5871}.Release|iPhone.Build.0 = Release|iPhone
		{07FB73A4-3694-4556-B708-CB8F496712AF}.Debug|Any CPU.ActiveCfg = Debug|Any CPU
		{07FB73A4-3694-4556-B708-CB8F496712AF}.Debug|Any CPU.Build.0 = Debug|Any CPU
		{07FB73A4-3694-4556-B708-CB8F496712AF}.Release|Any CPU.ActiveCfg = Release|Any CPU
		{07FB73A4-3694-4556-B708-CB8F496712AF}.Release|Any CPU.Build.0 = Release|Any CPU
		{07FB73A4-3694-4556-B708-CB8F496712AF}.Debug|iPhoneSimulator.ActiveCfg = Debug|Any CPU
		{07FB73A4-3694-4556-B708-CB8F496712AF}.Debug|iPhoneSimulator.Build.0 = Debug|Any CPU
		{07FB73A4-3694-4556-B708-CB8F496712AF}.Release|iPhoneSimulator.ActiveCfg = Release|Any CPU
		{07FB73A4-3694-4556-B708-CB8F496712AF}.Release|iPhoneSimulator.Build.0 = Release|Any CPU
		{07FB73A4-3694-4556-B708-CB8F496712AF}.Debug|iPhone.ActiveCfg = Debug|Any CPU
		{07FB73A4-3694-4556-B708-CB8F496712AF}.Debug|iPhone.Build.0 = Debug|Any CPU
		{07FB73A4-3694-4556-B708-CB8F496712AF}.Release|iPhone.ActiveCfg = Release|Any CPU
		{07FB73A4-3694-4556-B708-CB8F496712AF}.Release|iPhone.Build.0 = Release|Any CPU
	EndGlobalSection
	GlobalSection(SolutionProperties) = preSolution
		HideSolutionNode = FALSE
	EndGlobalSection
	GlobalSection(ExtensibilityGlobals) = postSolution
		SolutionGuid = {73FD8804-EC3B-40BC-93CD-AE7E2D5725EA}
	EndGlobalSection
EndGlobal
